
Microsoft Visual Studio Solution File, Format Version 12.00
# Visual Studio 15
VisualStudioVersion = 15.0.28307.106
MinimumVisualStudioVersion = 10.0.40219.1
Project("{FAE04EC0-301F-11D3-BF4B-00C04F79EFBC}") = "App.Domain", "App.Domain\App.Domain.csproj", "{C95BADB3-A26C-4354-9CE7-CF92B70E6E0B}"
EndProject
Project("{FAE04EC0-301F-11D3-BF4B-00C04F79EFBC}") = "App.Client", "App.Client\App.Client.csproj", "{739A8E68-E0D0-4C77-BF73-39019CDBC42B}"
EndProject
Project("{FAE04EC0-301F-11D3-BF4B-00C04F79EFBC}") = "App.Petsure.Data", "App.Petsure.Data\App.Petsure.Data.csproj", "{703B76C2-9C45-487C-9119-F5F8AD25FCF7}"
EndProject
Project("{9A19103F-16F7-4668-BE54-9A1E7A4F7556}") = "App.Petsure.MsTest", "App.Petsure.MsTest\App.Petsure.MsTest.csproj", "{2ADCDCBE-4ED5-4DDB-86A1-F1D9C15CB630}"
EndProject
Global
	GlobalSection(SolutionConfigurationPlatforms) = preSolution
		Debug|Any CPU = Debug|Any CPU
		Release|Any CPU = Release|Any CPU
	EndGlobalSection
	GlobalSection(ProjectConfigurationPlatforms) = postSolution
		{C95BADB3-A26C-4354-9CE7-CF92B70E6E0B}.Debug|Any CPU.ActiveCfg = Debug|Any CPU
		{C95BADB3-A26C-4354-9CE7-CF92B70E6E0B}.Debug|Any CPU.Build.0 = Debug|Any CPU
		{C95BADB3-A26C-4354-9CE7-CF92B70E6E0B}.Release|Any CPU.ActiveCfg = Release|Any CPU
		{C95BADB3-A26C-4354-9CE7-CF92B70E6E0B}.Release|Any CPU.Build.0 = Release|Any CPU
		{739A8E68-E0D0-4C77-BF73-39019CDBC42B}.Debug|Any CPU.ActiveCfg = Debug|Any CPU
		{739A8E68-E0D0-4C77-BF73-39019CDBC42B}.Debug|Any CPU.Build.0 = Debug|Any CPU
		{739A8E68-E0D0-4C77-BF73-39019CDBC42B}.Release|Any CPU.ActiveCfg = Release|Any CPU
		{739A8E68-E0D0-4C77-BF73-39019CDBC42B}.Release|Any CPU.Build.0 = Release|Any CPU
		{703B76C2-9C45-487C-9119-F5F8AD25FCF7}.Debug|Any CPU.ActiveCfg = Debug|Any CPU
		{703B76C2-9C45-487C-9119-F5F8AD25FCF7}.Debug|Any CPU.Build.0 = Debug|Any CPU
		{703B76C2-9C45-487C-9119-F5F8AD25FCF7}.Release|Any CPU.ActiveCfg = Release|Any CPU
		{703B76C2-9C45-487C-9119-F5F8AD25FCF7}.Release|Any CPU.Build.0 = Release|Any CPU
		{2ADCDCBE-4ED5-4DDB-86A1-F1D9C15CB630}.Debug|Any CPU.ActiveCfg = Debug|Any CPU
		{2ADCDCBE-4ED5-4DDB-86A1-F1D9C15CB630}.Debug|Any CPU.Build.0 = Debug|Any CPU
		{2ADCDCBE-4ED5-4DDB-86A1-F1D9C15CB630}.Release|Any CPU.ActiveCfg = Release|Any CPU
		{2ADCDCBE-4ED5-4DDB-86A1-F1D9C15CB630}.Release|Any CPU.Build.0 = Release|Any CPU
	EndGlobalSection
	GlobalSection(SolutionProperties) = preSolution
		HideSolutionNode = FALSE
	EndGlobalSection
	GlobalSection(ExtensibilityGlobals) = postSolution
		SolutionGuid = {CA762D62-4075-40D8-BBB0-463FBBAC2953}
	EndGlobalSection
EndGlobal
